// !$*UTF8*$!
{
	archiveVersion = 1;
	classes = {
	};
	objectVersion = 77;
	objects = {

/* Begin PBXContainerItemProxy section */
		018DFA692D66EE2100B28284 /* PBXContainerItemProxy */ = {
			isa = PBXContainerItemProxy;
			containerPortal = 018DFA4C2D66EE2000B28284 /* Project object */;
			proxyType = 1;
			remoteGlobalIDString = 018DFA532D66EE2000B28284;
			remoteInfo = DragDelete;
		};
		018DFA732D66EE2100B28284 /* PBXContainerItemProxy */ = {
			isa = PBXContainerItemProxy;
			containerPortal = 018DFA4C2D66EE2000B28284 /* Project object */;
			proxyType = 1;
			remoteGlobalIDString = 018DFA532D66EE2000B28284;
			remoteInfo = DragDelete;
		};
/* End PBXContainerItemProxy section */

/* Begin PBXFileReference section */
		018DFA542D66EE2000B28284 /* DragDelete.app */ = {isa = PBXFileReference; explicitFileType = wrapper.application; includeInIndex = 0; path = DragDelete.app; sourceTree = BUILT_PRODUCTS_DIR; };
		018DFA682D66EE2100B28284 /* DragDeleteTests.xctest */ = {isa = PBXFileReference; explicitFileType = wrapper.cfbundle; includeInIndex = 0; path = DragDeleteTests.xctest; sourceTree = BUILT_PRODUCTS_DIR; };
		018DFA722D66EE2100B28284 /* DragDeleteUITests.xctest */ = {isa = PBXFileReference; explicitFileType = wrapper.cfbundle; includeInIndex = 0; path = DragDeleteUITests.xctest; sourceTree = BUILT_PRODUCTS_DIR; };
/* End PBXFileReference section */

/* Begin PBXFileSystemSynchronizedBuildFileExceptionSet section */
		018DFA7A2D66EE2100B28284 /* Exceptions for "DragDelete" folder in "DragDelete" target */ = {
			isa = PBXFileSystemSynchronizedBuildFileExceptionSet;
			membershipExceptions = (
				Info.plist,
			);
			target = 018DFA532D66EE2000B28284 /* DragDelete */;
		};
/* End PBXFileSystemSynchronizedBuildFileExceptionSet section */

/* Begin PBXFileSystemSynchronizedRootGroup section */
		018DFA562D66EE2000B28284 /* DragDelete */ = {
			isa = PBXFileSystemSynchronizedRootGroup;
			exceptions = (
				018DFA7A2D66EE2100B28284 /* Exceptions for "DragDelete" folder in "DragDelete" target */,
			);
			path = DragDelete;
			sourceTree = "<group>";
		};
		018DFA6B2D66EE2100B28284 /* DragDeleteTests */ = {
			isa = PBXFileSystemSynchronizedRootGroup;
			path = DragDeleteTests;
			sourceTree = "<group>";
		};
		018DFA752D66EE2100B28284 /* DragDeleteUITests */ = {
			isa = PBXFileSystemSynchronizedRootGroup;
			path = DragDeleteUITests;
			sourceTree = "<group>";
		};
/* End PBXFileSystemSynchronizedRootGroup section */

/* Begin PBXFrameworksBuildPhase section */
		018DFA512D66EE2000B28284 /* Frameworks */ = {
			isa = PBXFrameworksBuildPhase;
			buildActionMask = 2147483647;
			files = (
			);
			runOnlyForDeploymentPostprocessing = 0;
		};
		018DFA652D66EE2100B28284 /* Frameworks */ = {
			isa = PBXFrameworksBuildPhase;
			buildActionMask = 2147483647;
			files = (
			);
			runOnlyForDeploymentPostprocessing = 0;
		};
		018DFA6F2D66EE2100B28284 /* Frameworks */ = {
			isa = PBXFrameworksBuildPhase;
			buildActionMask = 2147483647;
			files = (
			);
			runOnlyForDeploymentPostprocessing = 0;
		};
/* End PBXFrameworksBuildPhase section */

/* Begin PBXGroup section */
		018DFA4B2D66EE2000B28284 = {
			isa = PBXGroup;
			children = (
				018DFA562D66EE2000B28284 /* DragDelete */,
				018DFA6B2D66EE2100B28284 /* DragDeleteTests */,
				018DFA752D66EE2100B28284 /* DragDeleteUITests */,
				018DFA552D66EE2000B28284 /* Products */,
			);
			sourceTree = "<group>";
		};
		018DFA552D66EE2000B28284 /* Products */ = {
			isa = PBXGroup;
			children = (
				018DFA542D66EE2000B28284 /* DragDelete.app */,
				018DFA682D66EE2100B28284 /* DragDeleteTests.xctest */,
				018DFA722D66EE2100B28284 /* DragDeleteUITests.xctest */,
			);
			name = Products;
			sourceTree = "<group>";
		};
/* End PBXGroup section */

/* Begin PBXNativeTarget section */
		018DFA532D66EE2000B28284 /* DragDelete */ = {
			isa = PBXNativeTarget;
			buildConfigurationList = 018DFA7B2D66EE2100B28284 /* Build configuration list for PBXNativeTarget "DragDelete" */;
			buildPhases = (
				018DFA502D66EE2000B28284 /* Sources */,
				018DFA512D66EE2000B28284 /* Frameworks */,
				018DFA522D66EE2000B28284 /* Resources */,
			);
			buildRules = (
			);
			dependencies = (
			);
			fileSystemSynchronizedGroups = (
				018DFA562D66EE2000B28284 /* DragDelete */,
			);
			name = DragDelete;
			packageProductDependencies = (
			);
			productName = DragDelete;
			productReference = 018DFA542D66EE2000B28284 /* DragDelete.app */;
			productType = "com.apple.product-type.application";
		};
		018DFA672D66EE2100B28284 /* DragDeleteTests */ = {
			isa = PBXNativeTarget;
			buildConfigurationList = 018DFA802D66EE2100B28284 /* Build configuration list for PBXNativeTarget "DragDeleteTests" */;
			buildPhases = (
				018DFA642D66EE2100B28284 /* Sources */,
				018DFA652D66EE2100B28284 /* Frameworks */,
				018DFA662D66EE2100B28284 /* Resources */,
			);
			buildRules = (
			);
			dependencies = (
				018DFA6A2D66EE2100B28284 /* PBXTargetDependency */,
			);
			fileSystemSynchronizedGroups = (
				018DFA6B2D66EE2100B28284 /* DragDeleteTests */,
			);
			name = DragDeleteTests;
			packageProductDependencies = (
			);
			productName = DragDeleteTests;
			productReference = 018DFA682D66EE2100B28284 /* DragDeleteTests.xctest */;
			productType = "com.apple.product-type.bundle.unit-test";
		};
		018DFA712D66EE2100B28284 /* DragDeleteUITests */ = {
			isa = PBXNativeTarget;
			buildConfigurationList = 018DFA832D66EE2100B28284 /* Build configuration list for PBXNativeTarget "DragDeleteUITests" */;
			buildPhases = (
				018DFA6E2D66EE2100B28284 /* Sources */,
				018DFA6F2D66EE2100B28284 /* Frameworks */,
				018DFA702D66EE2100B28284 /* Resources */,
			);
			buildRules = (
			);
			dependencies = (
				018DFA742D66EE2100B28284 /* PBXTargetDependency */,
			);
			fileSystemSynchronizedGroups = (
				018DFA752D66EE2100B28284 /* DragDeleteUITests */,
			);
			name = DragDeleteUITests;
			packageProductDependencies = (
			);
			productName = DragDeleteUITests;
			productReference = 018DFA722D66EE2100B28284 /* DragDeleteUITests.xctest */;
			productType = "com.apple.product-type.bundle.ui-testing";
		};
/* End PBXNativeTarget section */

/* Begin PBXProject section */
		018DFA4C2D66EE2000B28284 /* Project object */ = {
			isa = PBXProject;
			attributes = {
				BuildIndependentTargetsInParallel = 1;
				LastSwiftUpdateCheck = 1620;
				LastUpgradeCheck = 1620;
				TargetAttributes = {
					018DFA532D66EE2000B28284 = {
						CreatedOnToolsVersion = 16.2;
					};
					018DFA672D66EE2100B28284 = {
						CreatedOnToolsVersion = 16.2;
						TestTargetID = 018DFA532D66EE2000B28284;
					};
					018DFA712D66EE2100B28284 = {
						CreatedOnToolsVersion = 16.2;
						TestTargetID = 018DFA532D66EE2000B28284;
					};
				};
			};
			buildConfigurationList = 018DFA4F2D66EE2000B28284 /* Build configuration list for PBXProject "DragDelete" */;
			developmentRegion = en;
			hasScannedForEncodings = 0;
			knownRegions = (
				en,
				Base,
			);
			mainGroup = 018DFA4B2D66EE2000B28284;
			minimizedProjectReferenceProxies = 1;
			preferredProjectObjectVersion = 77;
			productRefGroup = 018DFA552D66EE2000B28284 /* Products */;
			projectDirPath = "";
			projectRoot = "";
			targets = (
				018DFA532D66EE2000B28284 /* DragDelete */,
				018DFA672D66EE2100B28284 /* DragDeleteTests */,
				018DFA712D66EE2100B28284 /* DragDeleteUITests */,
			);
		};
/* End PBXProject section */

/* Begin PBXResourcesBuildPhase section */
		018DFA522D66EE2000B28284 /* Resources */ = {
			isa = PBXResourcesBuildPhase;
			buildActionMask = 2147483647;
			files = (
			);
			runOnlyForDeploymentPostprocessing = 0;
		};
		018DFA662D66EE2100B28284 /* Resources */ = {
			isa = PBXResourcesBuildPhase;
			buildActionMask = 2147483647;
			files = (
			);
			runOnlyForDeploymentPostprocessing = 0;
		};
		018DFA702D66EE2100B28284 /* Resources */ = {
			isa = PBXResourcesBuildPhase;
			buildActionMask = 2147483647;
			files = (
			);
			runOnlyForDeploymentPostprocessing = 0;
		};
/* End PBXResourcesBuildPhase section */

/* Begin PBXSourcesBuildPhase section */
		018DFA502D66EE2000B28284 /* Sources */ = {
			isa = PBXSourcesBuildPhase;
			buildActionMask = 2147483647;
			files = (
			);
			runOnlyForDeploymentPostprocessing = 0;
		};
		018DFA642D66EE2100B28284 /* Sources */ = {
			isa = PBXSourcesBuildPhase;
			buildActionMask = 2147483647;
			files = (
			);
			runOnlyForDeploymentPostprocessing = 0;
		};
		018DFA6E2D66EE2100B28284 /* Sources */ = {
			isa = PBXSourcesBuildPhase;
			buildActionMask = 2147483647;
			files = (
			);
			runOnlyForDeploymentPostprocessing = 0;
		};
/* End PBXSourcesBuildPhase section */

/* Begin PBXTargetDependency section */
		018DFA6A2D66EE2100B28284 /* PBXTargetDependency */ = {
			isa = PBXTargetDependency;
			target = 018DFA532D66EE2000B28284 /* DragDelete */;
			targetProxy = 018DFA692D66EE2100B28284 /* PBXContainerItemProxy */;
		};
		018DFA742D66EE2100B28284 /* PBXTargetDependency */ = {
			isa = PBXTargetDependency;
			target = 018DFA532D66EE2000B28284 /* DragDelete */;
			targetProxy = 018DFA732D66EE2100B28284 /* PBXContainerItemProxy */;
		};
/* End PBXTargetDependency section */

/* Begin XCBuildConfiguration section */
		018DFA7C2D66EE2100B28284 /* Debug */ = {
			isa = XCBuildConfiguration;
			buildSettings = {
				ASSETCATALOG_COMPILER_APPICON_NAME = AppIcon;
				ASSETCATALOG_COMPILER_GLOBAL_ACCENT_COLOR_NAME = AccentColor;
				CODE_SIGN_ENTITLEMENTS = DragDelete/DragDelete.entitlements;
				CODE_SIGN_STYLE = Automatic;
				CURRENT_PROJECT_VERSION = 1;
				DEVELOPMENT_ASSET_PATHS = "\"DragDelete/Preview Content\"";
				DEVELOPMENT_TEAM = 4J6264AA5S;
				ENABLE_PREVIEWS = YES;
				GENERATE_INFOPLIST_FILE = YES;
				INFOPLIST_FILE = DragDelete/Info.plist;
				INFOPLIST_KEY_UIApplicationSceneManifest_Generation = YES;
				INFOPLIST_KEY_UIApplicationSupportsIndirectInputEvents = YES;
				INFOPLIST_KEY_UILaunchScreen_Generation = YES;
				INFOPLIST_KEY_UISupportedInterfaceOrientations_iPad = "UIInterfaceOrientationPortrait UIInterfaceOrientationPortraitUpsideDown UIInterfaceOrientationLandscapeLeft UIInterfaceOrientationLandscapeRight";
				INFOPLIST_KEY_UISupportedInterfaceOrientations_iPhone = "UIInterfaceOrientationPortrait UIInterfaceOrientationLandscapeLeft UIInterfaceOrientationLandscapeRight";
				LD_RUNPATH_SEARCH_PATHS = (
					"$(inherited)",
					"@executable_path/Frameworks",
				);
				MARKETING_VERSION = 1.0;
				PRODUCT_BUNDLE_IDENTIFIER = com.tamaraosseiran.DragDelete;
				PRODUCT_NAME = "$(TARGET_NAME)";
				SWIFT_EMIT_LOC_STRINGS = YES;
				SWIFT_VERSION = 5.0;
				TARGETED_DEVICE_FAMILY = "1,2";
			};
			name = Debug;
		};
		018DFA7D2D66EE2100B28284 /* Release */ = {
			isa = XCBuildConfiguration;
			buildSettings = {
				ASSETCATALOG_COMPILER_APPICON_NAME = AppIcon;
				ASSETCATALOG_COMPILER_GLOBAL_ACCENT_COLOR_NAME = AccentColor;
				CODE_SIGN_ENTITLEMENTS = DragDelete/DragDelete.entitlements;
				CODE_SIGN_STYLE = Automatic;
				CURRENT_PROJECT_VERSION = 1;
				DEVELOPMENT_ASSET_PATHS = "\"DragDelete/Preview Content\"";
				DEVELOPMENT_TEAM = 4J6264AA5S;
				ENABLE_PREVIEWS = YES;
				GENERATE_INFOPLIST_FILE = YES;
				INFOPLIST_FILE = DragDelete/Info.plist;
				INFOPLIST_KEY_UIApplicationSceneManifest_Generation = YES;
				INFOPLIST_KEY_UIApplicationSupportsIndirectInputEvents = YES;
				INFOPLIST_KEY_UILaunchScreen_Generation = YES;
				INFOPLIST_KEY_UISupportedInterfaceOrientations_iPad = "UIInterfaceOrientationPortrait UIInterfaceOrientationPortraitUpsideDown UIInterfaceOrientationLandscapeLeft UIInterfaceOrientationLandscapeRight";
				INFOPLIST_KEY_UISupportedInterfaceOrientations_iPhone = "UIInterfaceOrientationPortrait UIInterfaceOrientationLandscapeLeft UIInterfaceOrientationLandscapeRight";
				LD_RUNPATH_SEARCH_PATHS = (
					"$(inherited)",
					"@executable_path/Frameworks",
				);
				MARKETING_VERSION = 1.0;
				PRODUCT_BUNDLE_IDENTIFIER = com.tamaraosseiran.DragDelete;
				PRODUCT_NAME = "$(TARGET_NAME)";
				SWIFT_EMIT_LOC_STRINGS = YES;
				SWIFT_VERSION = 5.0;
				TARGETED_DEVICE_FAMILY = "1,2";
			};
			name = Release;
		};
		018DFA7E2D66EE2100B28284 /* Debug */ = {
			isa = XCBuildConfiguration;
			buildSettings = {
				ALWAYS_SEARCH_USER_PATHS = NO;
				ASSETCATALOG_COMPILER_GENERATE_SWIFT_ASSET_SYMBOL_EXTENSIONS = YES;
				CLANG_ANALYZER_NONNULL = YES;
				CLANG_ANALYZER_NUMBER_OBJECT_CONVERSION = YES_AGGRESSIVE;
				CLANG_CXX_LANGUAGE_STANDARD = "gnu++20";
				CLANG_ENABLE_MODULES = YES;
				CLANG_ENABLE_OBJC_ARC = YES;
				CLANG_ENABLE_OBJC_WEAK = YES;
				CLANG_WARN_BLOCK_CAPTURE_AUTORELEASING = YES;
				CLANG_WARN_BOOL_CONVERSION = YES;
				CLANG_WARN_COMMA = YES;
				CLANG_WARN_CONSTANT_CONVERSION = YES;
				CLANG_WARN_DEPRECATED_OBJC_IMPLEMENTATIONS = YES;
				CLANG_WARN_DIRECT_OBJC_ISA_USAGE = YES_ERROR;
				CLANG_WARN_DOCUMENTATION_COMMENTS = YES;
				CLANG_WARN_EMPTY_BODY = YES;
				CLANG_WARN_ENUM_CONVERSION = YES;
				CLANG_WARN_INFINITE_RECURSION = YES;
				CLANG_WARN_INT_CONVERSION = YES;
				CLANG_WARN_NON_LITERAL_NULL_CONVERSION = YES;
				CLANG_WARN_OBJC_IMPLICIT_RETAIN_SELF = YES;
				CLANG_WARN_OBJC_LITERAL_CONVERSION = YES;
				CLANG_WARN_OBJC_ROOT_CLASS = YES_ERROR;
				CLANG_WARN_QUOTED_INCLUDE_IN_FRAMEWORK_HEADER = YES;
				CLANG_WARN_RANGE_LOOP_ANALYSIS = YES;
				CLANG_WARN_STRICT_PROTOTYPES = YES;
				CLANG_WARN_SUSPICIOUS_MOVE = YES;
				CLANG_WARN_UNGUARDED_AVAILABILITY = YES_AGGRESSIVE;
				CLANG_WARN_UNREACHABLE_CODE = YES;
				CLANG_WARN__DUPLICATE_METHOD_MATCH = YES;
				COPY_PHASE_STRIP = NO;
				DEBUG_INFORMATION_FORMAT = dwarf;
				ENABLE_STRICT_OBJC_MSGSEND = YES;
				ENABLE_TESTABILITY = YES;
				ENABLE_USER_SCRIPT_SANDBOXING = YES;
				GCC_C_LANGUAGE_STANDARD = gnu17;
				GCC_DYNAMIC_NO_PIC = NO;
				GCC_NO_COMMON_BLOCKS = YES;
				GCC_OPTIMIZATION_LEVEL = 0;
				GCC_PREPROCESSOR_DEFINITIONS = (
					"DEBUG=1",
					"$(inherited)",
				);
				GCC_WARN_64_TO_32_BIT_CONVERSION = YES;
				GCC_WARN_ABOUT_RETURN_TYPE = YES_ERROR;
				GCC_WARN_UNDECLARED_SELECTOR = YES;
				GCC_WARN_UNINITIALIZED_AUTOS = YES_AGGRESSIVE;
				GCC_WARN_UNUSED_FUNCTION = YES;
				GCC_WARN_UNUSED_VARIABLE = YES;
				IPHONEOS_DEPLOYMENT_TARGET = 18.2;
				LOCALIZATION_PREFERS_STRING_CATALOGS = YES;
				MTL_ENABLE_DEBUG_INFO = INCLUDE_SOURCE;
				MTL_FAST_MATH = YES;
				ONLY_ACTIVE_ARCH = YES;
				SDKROOT = iphoneos;
				SWIFT_ACTIVE_COMPILATION_CONDITIONS = "DEBUG $(inherited)";
				SWIFT_OPTIMIZATION_LEVEL = "-Onone";
			};
			name = Debug;
		};
		018DFA7F2D66EE2100B28284 /* Release */ = {
			isa = XCBuildConfiguration;
			buildSettings = {
				ALWAYS_SEARCH_USER_PATHS = NO;
				ASSETCATALOG_COMPILER_GENERATE_SWIFT_ASSET_SYMBOL_EXTENSIONS = YES;
				CLANG_ANALYZER_NONNULL = YES;
				CLANG_ANALYZER_NUMBER_OBJECT_CONVERSION = YES_AGGRESSIVE;
				CLANG_CXX_LANGUAGE_STANDARD = "gnu++20";
				CLANG_ENABLE_MODULES = YES;
				CLANG_ENABLE_OBJC_ARC = YES;
				CLANG_ENABLE_OBJC_WEAK = YES;
				CLANG_WARN_BLOCK_CAPTURE_AUTORELEASING = YES;
				CLANG_WARN_BOOL_CONVERSION = YES;
				CLANG_WARN_COMMA = YES;
				CLANG_WARN_CONSTANT_CONVERSION = YES;
				CLANG_WARN_DEPRECATED_OBJC_IMPLEMENTATIONS = YES;
				CLANG_WARN_DIRECT_OBJC_ISA_USAGE = YES_ERROR;
				CLANG_WARN_DOCUMENTATION_COMMENTS = YES;
				CLANG_WARN_EMPTY_BODY = YES;
				CLANG_WARN_ENUM_CONVERSION = YES;
				CLANG_WARN_INFINITE_RECURSION = YES;
				CLANG_WARN_INT_CONVERSION = YES;
				CLANG_WARN_NON_LITERAL_NULL_CONVERSION = YES;
				CLANG_WARN_OBJC_IMPLICIT_RETAIN_SELF = YES;
				CLANG_WARN_OBJC_LITERAL_CONVERSION = YES;
				CLANG_WARN_OBJC_ROOT_CLASS = YES_ERROR;
				CLANG_WARN_QUOTED_INCLUDE_IN_FRAMEWORK_HEADER = YES;
				CLANG_WARN_RANGE_LOOP_ANALYSIS = YES;
				CLANG_WARN_STRICT_PROTOTYPES = YES;
				CLANG_WARN_SUSPICIOUS_MOVE = YES;
				CLANG_WARN_UNGUARDED_AVAILABILITY = YES_AGGRESSIVE;
				CLANG_WARN_UNREACHABLE_CODE = YES;
				CLANG_WARN__DUPLICATE_METHOD_MATCH = YES;
				COPY_PHASE_STRIP = NO;
				DEBUG_INFORMATION_FORMAT = "dwarf-with-dsym";
				ENABLE_NS_ASSERTIONS = NO;
				ENABLE_STRICT_OBJC_MSGSEND = YES;
				ENABLE_USER_SCRIPT_SANDBOXING = YES;
				GCC_C_LANGUAGE_STANDARD = gnu17;
				GCC_NO_COMMON_BLOCKS = YES;
				GCC_WARN_64_TO_32_BIT_CONVERSION = YES;
				GCC_WARN_ABOUT_RETURN_TYPE = YES_ERROR;
				GCC_WARN_UNDECLARED_SELECTOR = YES;
				GCC_WARN_UNINITIALIZED_AUTOS = YES_AGGRESSIVE;
				GCC_WARN_UNUSED_FUNCTION = YES;
				GCC_WARN_UNUSED_VARIABLE = YES;
				IPHONEOS_DEPLOYMENT_TARGET = 18.2;
				LOCALIZATION_PREFERS_STRING_CATALOGS = YES;
				MTL_ENABLE_DEBUG_INFO = NO;
				MTL_FAST_MATH = YES;
				SDKROOT = iphoneos;
				SWIFT_COMPILATION_MODE = wholemodule;
				VALIDATE_PRODUCT = YES;
			};
			name = Release;
		};
		018DFA812D66EE2100B28284 /* Debug */ = {
			isa = XCBuildConfiguration;
			buildSettings = {
				BUNDLE_LOADER = "$(TEST_HOST)";
				CODE_SIGN_STYLE = Automatic;
				CURRENT_PROJECT_VERSION = 1;
				DEVELOPMENT_TEAM = 4J6264AA5S;
				GENERATE_INFOPLIST_FILE = YES;
				IPHONEOS_DEPLOYMENT_TARGET = 18.2;
				MARKETING_VERSION = 1.0;
				PRODUCT_BUNDLE_IDENTIFIER = com.tamaraosseiran.DragDeleteTests;
				PRODUCT_NAME = "$(TARGET_NAME)";
				SWIFT_EMIT_LOC_STRINGS = NO;
				SWIFT_VERSION = 5.0;
				TARGETED_DEVICE_FAMILY = "1,2";
				TEST_HOST = "$(BUILT_PRODUCTS_DIR)/DragDelete.app/$(BUNDLE_EXECUTABLE_FOLDER_PATH)/DragDelete";
			};
			name = Debug;
		};
		018DFA822D66EE2100B28284 /* Release */ = {
			isa = XCBuildConfiguration;
			buildSettings = {
				BUNDLE_LOADER = "$(TEST_HOST)";
				CODE_SIGN_STYLE = Automatic;
				CURRENT_PROJECT_VERSION = 1;
				DEVELOPMENT_TEAM = 4J6264AA5S;
				GENERATE_INFOPLIST_FILE = YES;
				IPHONEOS_DEPLOYMENT_TARGET = 18.2;
				MARKETING_VERSION = 1.0;
				PRODUCT_BUNDLE_IDENTIFIER = com.tamaraosseiran.DragDeleteTests;
				PRODUCT_NAME = "$(TARGET_NAME)";
				SWIFT_EMIT_LOC_STRINGS = NO;
				SWIFT_VERSION = 5.0;
				TARGETED_DEVICE_FAMILY = "1,2";
				TEST_HOST = "$(BUILT_PRODUCTS_DIR)/DragDelete.app/$(BUNDLE_EXECUTABLE_FOLDER_PATH)/DragDelete";
			};
			name = Release;
		};
		018DFA842D66EE2100B28284 /* Debug */ = {
			isa = XCBuildConfiguration;
			buildSettings = {
				CODE_SIGN_STYLE = Automatic;
				CURRENT_PROJECT_VERSION = 1;
				DEVELOPMENT_TEAM = 4J6264AA5S;
				GENERATE_INFOPLIST_FILE = YES;
				MARKETING_VERSION = 1.0;
				PRODUCT_BUNDLE_IDENTIFIER = com.tamaraosseiran.DragDeleteUITests;
				PRODUCT_NAME = "$(TARGET_NAME)";
				SWIFT_EMIT_LOC_STRINGS = NO;
				SWIFT_VERSION = 5.0;
				TARGETED_DEVICE_FAMILY = "1,2";
				TEST_TARGET_NAME = DragDelete;
			};
			name = Debug;
		};
		018DFA852D66EE2100B28284 /* Release */ = {
			isa = XCBuildConfiguration;
			buildSettings = {
				CODE_SIGN_STYLE = Automatic;
				CURRENT_PROJECT_VERSION = 1;
				DEVELOPMENT_TEAM = 4J6264AA5S;
				GENERATE_INFOPLIST_FILE = YES;
				MARKETING_VERSION = 1.0;
				PRODUCT_BUNDLE_IDENTIFIER = com.tamaraosseiran.DragDeleteUITests;
				PRODUCT_NAME = "$(TARGET_NAME)";
				SWIFT_EMIT_LOC_STRINGS = NO;
				SWIFT_VERSION = 5.0;
				TARGETED_DEVICE_FAMILY = "1,2";
				TEST_TARGET_NAME = DragDelete;
			};
			name = Release;
		};
/* End XCBuildConfiguration section */

/* Begin XCConfigurationList section */
		018DFA4F2D66EE2000B28284 /* Build configuration list for PBXProject "DragDelete" */ = {
			isa = XCConfigurationList;
			buildConfigurations = (
				018DFA7E2D66EE2100B28284 /* Debug */,
				018DFA7F2D66EE2100B28284 /* Release */,
			);
			defaultConfigurationIsVisible = 0;
			defaultConfigurationName = Release;
		};
		018DFA7B2D66EE2100B28284 /* Build configuration list for PBXNativeTarget "DragDelete" */ = {
			isa = XCConfigurationList;
			buildConfigurations = (
				018DFA7C2D66EE2100B28284 /* Debug */,
				018DFA7D2D66EE2100B28284 /* Release */,
			);
			defaultConfigurationIsVisible = 0;
			defaultConfigurationName = Release;
		};
		018DFA802D66EE2100B28284 /* Build configuration list for PBXNativeTarget "DragDeleteTests" */ = {
			isa = XCConfigurationList;
			buildConfigurations = (
				018DFA812D66EE2100B28284 /* Debug */,
				018DFA822D66EE2100B28284 /* Release */,
			);
			defaultConfigurationIsVisible = 0;
			defaultConfigurationName = Release;
		};
		018DFA832D66EE2100B28284 /* Build configuration list for PBXNativeTarget "DragDeleteUITests" */ = {
			isa = XCConfigurationList;
			buildConfigurations = (
				018DFA842D66EE2100B28284 /* Debug */,
				018DFA852D66EE2100B28284 /* Release */,
			);
			defaultConfigurationIsVisible = 0;
			defaultConfigurationName = Release;
		};
/* End XCConfigurationList section */
	};
	rootObject = 018DFA4C2D66EE2000B28284 /* Project object */;
}
